
Microsoft Visual Studio Solution File, Format Version 12.00
# Visual Studio Version 17
VisualStudioVersion = 17.0.31903.59
MinimumVisualStudioVersion = 10.0.40219.1
Project("{9A19103F-16F7-4668-BE54-9A1E7A4F7556}") = "Tyuiu.DyakovMS.Sprint6.Task0.V17.Lib", "Tyuiu.DyakovMS.Sprint6.Task0.V17.Lib\Tyuiu.DyakovMS.Sprint6.Task0.V17.Lib.csproj", "{8A1B33B9-968C-4C5B-A2FC-994650DC8E62}"
EndProject
Project("{9A19103F-16F7-4668-BE54-9A1E7A4F7556}") = "Tyuiu.DyakovMS.Sprint6.Task0.V17.Test", "Tyuiu.DyakovMS.Sprint6.Task0.V17.Test\Tyuiu.DyakovMS.Sprint6.Task0.V17.Test.csproj", "{D1246117-7A3D-4DC6-A1BA-167259C65A6F}"
EndProject
Project("{2150E333-8FDC-42A3-9474-1A3956D46DE8}") = "Task0", "Task0", "{B7444B7D-F0BE-47FA-BF63-AAA439E6BC46}"
EndProject
Project("{9A19103F-16F7-4668-BE54-9A1E7A4F7556}") = "Tyuiu.DyakovMS.Sprint6.Task0.V17", "Tyuiu.DyakovMS.Sprint6.Task0.V17\Tyuiu.DyakovMS.Sprint6.Task0.V17.csproj", "{DABDA83C-0F3F-4CE4-87D7-E54A70B69563}"
EndProject
Project("{9A19103F-16F7-4668-BE54-9A1E7A4F7556}") = "Tyuiu.DyakovMS.Sprint6.Task1.V27.Lib", "Tyuiu.DyakovMS.Sprint6.Task1.V27.Lib\Tyuiu.DyakovMS.Sprint6.Task1.V27.Lib.csproj", "{690538F0-1970-491A-8491-CB7373D000AF}"
EndProject
Project("{9A19103F-16F7-4668-BE54-9A1E7A4F7556}") = "Tyuiu.DyakovMS.Sprint6.Task1.V27.Test", "Tyuiu.DyakovMS.Sprint6.Task1.V27.Test\Tyuiu.DyakovMS.Sprint6.Task1.V27.Test.csproj", "{5F04C4CE-1200-4582-BEB5-CA4D7E4511C1}"
EndProject
Project("{2150E333-8FDC-42A3-9474-1A3956D46DE8}") = "Task1", "Task1", "{81003D5C-85CF-4120-B10A-B0517E23270F}"
EndProject
Project("{9A19103F-16F7-4668-BE54-9A1E7A4F7556}") = "Tyuiu.DyakovMS.Sprint6.Task1.V27", "Tyuiu.DyakovMS.Sprint6.Task1.V27\Tyuiu.DyakovMS.Sprint6.Task1.V27.csproj", "{32AA5BEE-EEBC-46B0-9FA6-80BC1A5AFA0A}"
EndProject
Project("{9A19103F-16F7-4668-BE54-9A1E7A4F7556}") = "Tyuiu.DyakovMS.Sprint6.Task2.V29.Lib", "Tyuiu.DyakovMS.Sprint6.Task2.V29.Lib\Tyuiu.DyakovMS.Sprint6.Task2.V29.Lib.csproj", "{EF1CCB0D-3FB3-4E88-8DB6-270AC38CAF80}"
EndProject
Project("{9A19103F-16F7-4668-BE54-9A1E7A4F7556}") = "Tyuiu.DyakovMS.Sprint6.Task2.V29.Test", "Tyuiu.DyakovMS.Sprint6.Task2.V29.Test\Tyuiu.DyakovMS.Sprint6.Task2.V29.Test.csproj", "{021448CB-6D89-4FC6-B888-1F2DE1847176}"
EndProject
Project("{2150E333-8FDC-42A3-9474-1A3956D46DE8}") = "Task2", "Task2", "{0965F555-5A40-41D7-B589-73909D8443D1}"
EndProject
Project("{9A19103F-16F7-4668-BE54-9A1E7A4F7556}") = "Tyuiu.DyakovMS.Sprint6.Task2.V29", "Tyuiu.DyakovMS.Sprint6.Task2.V29\Tyuiu.DyakovMS.Sprint6.Task2.V29.csproj", "{512BDEF1-45DB-45E0-9078-AF8BE925BF4F}"
EndProject
Project("{9A19103F-16F7-4668-BE54-9A1E7A4F7556}") = "Tyuiu.DyakovMS.Sprint6.Task3.V24.Lib", "Tyuiu.DyakovMS.Sprint6.Task3.V24.Lib\Tyuiu.DyakovMS.Sprint6.Task3.V24.Lib.csproj", "{A78F63B1-5605-4225-B90F-7163E5AEA55D}"
EndProject
Project("{9A19103F-16F7-4668-BE54-9A1E7A4F7556}") = "Tyuiu.DyakovMS.Sprint6.Task3.V24.Test", "Tyuiu.DyakovMS.Sprint6.Task3.V24.Test\Tyuiu.DyakovMS.Sprint6.Task3.V24.Test.csproj", "{723E0872-CC79-434C-97A9-5C2B62DFD1AB}"
EndProject
Project("{2150E333-8FDC-42A3-9474-1A3956D46DE8}") = "Task3", "Task3", "{9C9DA1CC-09F3-47D2-BDBA-720582FE4B88}"
EndProject
Project("{9A19103F-16F7-4668-BE54-9A1E7A4F7556}") = "Tyuiu.DyakovMS.Sprint6.Task3.V24", "Tyuiu.DyakovMS.Sprint6.Task3.V24\Tyuiu.DyakovMS.Sprint6.Task3.V24.csproj", "{C7199BB5-BD59-42E1-81FF-F57D4EE63D7E}"
EndProject
Project("{9A19103F-16F7-4668-BE54-9A1E7A4F7556}") = "Tyuiu.DyakovMS.Sprint6.Task4.V7.Lib", "Tyuiu.DyakovMS.Sprint6.Task4.V7.Lib\Tyuiu.DyakovMS.Sprint6.Task4.V7.Lib.csproj", "{8A41078D-C647-4D7C-A2F5-98C7CB3B8901}"
EndProject
Project("{9A19103F-16F7-4668-BE54-9A1E7A4F7556}") = "Tyuiu.DyakovMS.Sprint6.Task4.V7.Test", "Tyuiu.DyakovMS.Sprint6.Task4.V7.Test\Tyuiu.DyakovMS.Sprint6.Task4.V7.Test.csproj", "{2B8DC604-18B8-456B-AF47-A27FD4A1B3C2}"
EndProject
Project("{2150E333-8FDC-42A3-9474-1A3956D46DE8}") = "Task4", "Task4", "{F6318FDB-D332-4529-9DE6-0B19ADF1796D}"
EndProject
Project("{9A19103F-16F7-4668-BE54-9A1E7A4F7556}") = "Tyuiu.DyakovMS.Sprint6.Task4.V7", "Tyuiu.DyakovMS.Sprint6.Task4.V7\Tyuiu.DyakovMS.Sprint6.Task4.V7.csproj", "{98D542D7-7A94-4058-9516-3301CBA209AC}"
EndProject
Project("{9A19103F-16F7-4668-BE54-9A1E7A4F7556}") = "Tyuiu.DyakovMS.Sprint6.Task5.V25.Lib", "Tyuiu.DyakovMS.Sprint6.Task5.V25.Lib\Tyuiu.DyakovMS.Sprint6.Task5.V25.Lib.csproj", "{0C43949F-C12E-45DB-ADC6-4705DB1C67F1}"
EndProject
Project("{9A19103F-16F7-4668-BE54-9A1E7A4F7556}") = "Tyuiu.DyakovMS.Sprint6.Task5.V25.Test", "Tyuiu.DyakovMS.Sprint6.Task5.V25.Test\Tyuiu.DyakovMS.Sprint6.Task5.V25.Test.csproj", "{121EB3E8-6301-400B-A0EF-814852BE83A4}"
EndProject
Project("{2150E333-8FDC-42A3-9474-1A3956D46DE8}") = "Task5", "Task5", "{4BB15219-3341-4E8E-9360-584EF16FC4BB}"
EndProject
Project("{9A19103F-16F7-4668-BE54-9A1E7A4F7556}") = "Tyuiu.DyakovMS.Sprint6.Task5.V25", "Tyuiu.DyakovMS.Sprint6.Task5.V25\Tyuiu.DyakovMS.Sprint6.Task5.V25.csproj", "{A0E71320-1818-4899-9593-BC90DF04674A}"
EndProject
Project("{9A19103F-16F7-4668-BE54-9A1E7A4F7556}") = "Tyuiu.DyakovMS.Sprint6.Task6.V22.Lib", "Tyuiu.DyakovMS.Sprint6.Task6.V22.Lib\Tyuiu.DyakovMS.Sprint6.Task6.V22.Lib.csproj", "{03B82240-58F4-48F0-B4D1-3E8009980962}"
EndProject
Project("{9A19103F-16F7-4668-BE54-9A1E7A4F7556}") = "Tyuiu.DyakovMS.Sprint6.Task6.V22.Test", "Tyuiu.DyakovMS.Sprint6.Task6.V22.Test\Tyuiu.DyakovMS.Sprint6.Task6.V22.Test.csproj", "{3E05C582-286D-4558-A72B-DAD6737A9D6B}"
EndProject
Project("{2150E333-8FDC-42A3-9474-1A3956D46DE8}") = "Task6", "Task6", "{ECCED501-392D-4273-A22E-6206B25F4145}"
EndProject
Project("{9A19103F-16F7-4668-BE54-9A1E7A4F7556}") = "Tyuiu.DyakovMS.Sprint6.Task6.V22", "Tyuiu.DyakovMS.Sprint6.Task6.V22\Tyuiu.DyakovMS.Sprint6.Task6.V22.csproj", "{F0C84792-54AF-4666-9BF6-3A7F0A0A198F}"
EndProject
Project("{9A19103F-16F7-4668-BE54-9A1E7A4F7556}") = "Tyuiu.DyakovMS.Sprint6.Task7.V28.Lib", "Tyuiu.DyakovMS.Sprint6.Task7.V28.Lib\Tyuiu.DyakovMS.Sprint6.Task7.V28.Lib.csproj", "{BA81757C-AFE0-45EE-AD6D-1E5EE143B294}"
EndProject
Project("{9A19103F-16F7-4668-BE54-9A1E7A4F7556}") = "Tyuiu.DyakovMS.Sprint6.Task7.V28.Test", "Tyuiu.DyakovMS.Sprint6.Task7.V28.Test\Tyuiu.DyakovMS.Sprint6.Task7.V28.Test.csproj", "{D6A18B78-AE63-46D9-8F46-1A27B76593CA}"
EndProject
Project("{2150E333-8FDC-42A3-9474-1A3956D46DE8}") = "Task7", "Task7", "{74195DCF-0EFE-46A5-B857-CE04ED6601A0}"
EndProject
Project("{FAE04EC0-301F-11D3-BF4B-00C04F79EFBC}") = "Tyuiu.DyakovMS.Sprint6.Task7.V28", "Tyuiu.DyakovMS.Sprint6.Task7.V28\Tyuiu.DyakovMS.Sprint6.Task7.V28.csproj", "{58A227C4-D1FF-4A03-A76F-D6F93E1D557C}"
EndProject
Global
	GlobalSection(SolutionConfigurationPlatforms) = preSolution
		Debug|Any CPU = Debug|Any CPU
		Release|Any CPU = Release|Any CPU
	EndGlobalSection
	GlobalSection(ProjectConfigurationPlatforms) = postSolution
		{8A1B33B9-968C-4C5B-A2FC-994650DC8E62}.Debug|Any CPU.ActiveCfg = Debug|Any CPU
		{8A1B33B9-968C-4C5B-A2FC-994650DC8E62}.Debug|Any CPU.Build.0 = Debug|Any CPU
		{8A1B33B9-968C-4C5B-A2FC-994650DC8E62}.Release|Any CPU.ActiveCfg = Release|Any CPU
		{8A1B33B9-968C-4C5B-A2FC-994650DC8E62}.Release|Any CPU.Build.0 = Release|Any CPU
		{D1246117-7A3D-4DC6-A1BA-167259C65A6F}.Debug|Any CPU.ActiveCfg = Debug|Any CPU
		{D1246117-7A3D-4DC6-A1BA-167259C65A6F}.Debug|Any CPU.Build.0 = Debug|Any CPU
		{D1246117-7A3D-4DC6-A1BA-167259C65A6F}.Release|Any CPU.ActiveCfg = Release|Any CPU
		{D1246117-7A3D-4DC6-A1BA-167259C65A6F}.Release|Any CPU.Build.0 = Release|Any CPU
		{DABDA83C-0F3F-4CE4-87D7-E54A70B69563}.Debug|Any CPU.ActiveCfg = Debug|Any CPU
		{DABDA83C-0F3F-4CE4-87D7-E54A70B69563}.Debug|Any CPU.Build.0 = Debug|Any CPU
		{DABDA83C-0F3F-4CE4-87D7-E54A70B69563}.Release|Any CPU.ActiveCfg = Release|Any CPU
		{DABDA83C-0F3F-4CE4-87D7-E54A70B69563}.Release|Any CPU.Build.0 = Release|Any CPU
		{690538F0-1970-491A-8491-CB7373D000AF}.Debug|Any CPU.ActiveCfg = Debug|Any CPU
		{690538F0-1970-491A-8491-CB7373D000AF}.Debug|Any CPU.Build.0 = Debug|Any CPU
		{690538F0-1970-491A-8491-CB7373D000AF}.Release|Any CPU.ActiveCfg = Release|Any CPU
		{690538F0-1970-491A-8491-CB7373D000AF}.Release|Any CPU.Build.0 = Release|Any CPU
		{5F04C4CE-1200-4582-BEB5-CA4D7E4511C1}.Debug|Any CPU.ActiveCfg = Debug|Any CPU
		{5F04C4CE-1200-4582-BEB5-CA4D7E4511C1}.Debug|Any CPU.Build.0 = Debug|Any CPU
		{5F04C4CE-1200-4582-BEB5-CA4D7E4511C1}.Release|Any CPU.ActiveCfg = Release|Any CPU
		{5F04C4CE-1200-4582-BEB5-CA4D7E4511C1}.Release|Any CPU.Build.0 = Release|Any CPU
		{32AA5BEE-EEBC-46B0-9FA6-80BC1A5AFA0A}.Debug|Any CPU.ActiveCfg = Debug|Any CPU
		{32AA5BEE-EEBC-46B0-9FA6-80BC1A5AFA0A}.Debug|Any CPU.Build.0 = Debug|Any CPU
		{32AA5BEE-EEBC-46B0-9FA6-80BC1A5AFA0A}.Release|Any CPU.ActiveCfg = Release|Any CPU
		{32AA5BEE-EEBC-46B0-9FA6-80BC1A5AFA0A}.Release|Any CPU.Build.0 = Release|Any CPU
		{EF1CCB0D-3FB3-4E88-8DB6-270AC38CAF80}.Debug|Any CPU.ActiveCfg = Debug|Any CPU
		{EF1CCB0D-3FB3-4E88-8DB6-270AC38CAF80}.Debug|Any CPU.Build.0 = Debug|Any CPU
		{EF1CCB0D-3FB3-4E88-8DB6-270AC38CAF80}.Release|Any CPU.ActiveCfg = Release|Any CPU
		{EF1CCB0D-3FB3-4E88-8DB6-270AC38CAF80}.Release|Any CPU.Build.0 = Release|Any CPU
		{021448CB-6D89-4FC6-B888-1F2DE1847176}.Debug|Any CPU.ActiveCfg = Debug|Any CPU
		{021448CB-6D89-4FC6-B888-1F2DE1847176}.Debug|Any CPU.Build.0 = Debug|Any CPU
		{021448CB-6D89-4FC6-B888-1F2DE1847176}.Release|Any CPU.ActiveCfg = Release|Any CPU
		{021448CB-6D89-4FC6-B888-1F2DE1847176}.Release|Any CPU.Build.0 = Release|Any CPU
		{512BDEF1-45DB-45E0-9078-AF8BE925BF4F}.Debug|Any CPU.ActiveCfg = Debug|Any CPU
		{512BDEF1-45DB-45E0-9078-AF8BE925BF4F}.Debug|Any CPU.Build.0 = Debug|Any CPU
		{512BDEF1-45DB-45E0-9078-AF8BE925BF4F}.Release|Any CPU.ActiveCfg = Release|Any CPU
		{512BDEF1-45DB-45E0-9078-AF8BE925BF4F}.Release|Any CPU.Build.0 = Release|Any CPU
		{A78F63B1-5605-4225-B90F-7163E5AEA55D}.Debug|Any CPU.ActiveCfg = Debug|Any CPU
		{A78F63B1-5605-4225-B90F-7163E5AEA55D}.Debug|Any CPU.Build.0 = Debug|Any CPU
		{A78F63B1-5605-4225-B90F-7163E5AEA55D}.Release|Any CPU.ActiveCfg = Release|Any CPU
		{A78F63B1-5605-4225-B90F-7163E5AEA55D}.Release|Any CPU.Build.0 = Release|Any CPU
		{723E0872-CC79-434C-97A9-5C2B62DFD1AB}.Debug|Any CPU.ActiveCfg = Debug|Any CPU
		{723E0872-CC79-434C-97A9-5C2B62DFD1AB}.Debug|Any CPU.Build.0 = Debug|Any CPU
		{723E0872-CC79-434C-97A9-5C2B62DFD1AB}.Release|Any CPU.ActiveCfg = Release|Any CPU
		{723E0872-CC79-434C-97A9-5C2B62DFD1AB}.Release|Any CPU.Build.0 = Release|Any CPU
		{C7199BB5-BD59-42E1-81FF-F57D4EE63D7E}.Debug|Any CPU.ActiveCfg = Debug|Any CPU
		{C7199BB5-BD59-42E1-81FF-F57D4EE63D7E}.Debug|Any CPU.Build.0 = Debug|Any CPU
		{C7199BB5-BD59-42E1-81FF-F57D4EE63D7E}.Release|Any CPU.ActiveCfg = Release|Any CPU
		{C7199BB5-BD59-42E1-81FF-F57D4EE63D7E}.Release|Any CPU.Build.0 = Release|Any CPU
		{8A41078D-C647-4D7C-A2F5-98C7CB3B8901}.Debug|Any CPU.ActiveCfg = Debug|Any CPU
		{8A41078D-C647-4D7C-A2F5-98C7CB3B8901}.Debug|Any CPU.Build.0 = Debug|Any CPU
		{8A41078D-C647-4D7C-A2F5-98C7CB3B8901}.Release|Any CPU.ActiveCfg = Release|Any CPU
		{8A41078D-C647-4D7C-A2F5-98C7CB3B8901}.Release|Any CPU.Build.0 = Release|Any CPU
		{2B8DC604-18B8-456B-AF47-A27FD4A1B3C2}.Debug|Any CPU.ActiveCfg = Debug|Any CPU
		{2B8DC604-18B8-456B-AF47-A27FD4A1B3C2}.Debug|Any CPU.Build.0 = Debug|Any CPU
		{2B8DC604-18B8-456B-AF47-A27FD4A1B3C2}.Release|Any CPU.ActiveCfg = Release|Any CPU
		{2B8DC604-18B8-456B-AF47-A27FD4A1B3C2}.Release|Any CPU.Build.0 = Release|Any CPU
		{98D542D7-7A94-4058-9516-3301CBA209AC}.Debug|Any CPU.ActiveCfg = Debug|Any CPU
		{98D542D7-7A94-4058-9516-3301CBA209AC}.Debug|Any CPU.Build.0 = Debug|Any CPU
		{98D542D7-7A94-4058-9516-3301CBA209AC}.Release|Any CPU.ActiveCfg = Release|Any CPU
		{98D542D7-7A94-4058-9516-3301CBA209AC}.Release|Any CPU.Build.0 = Release|Any CPU
		{0C43949F-C12E-45DB-ADC6-4705DB1C67F1}.Debug|Any CPU.ActiveCfg = Debug|Any CPU
		{0C43949F-C12E-45DB-ADC6-4705DB1C67F1}.Debug|Any CPU.Build.0 = Debug|Any CPU
		{0C43949F-C12E-45DB-ADC6-4705DB1C67F1}.Release|Any CPU.ActiveCfg = Release|Any CPU
		{0C43949F-C12E-45DB-ADC6-4705DB1C67F1}.Release|Any CPU.Build.0 = Release|Any CPU
		{121EB3E8-6301-400B-A0EF-814852BE83A4}.Debug|Any CPU.ActiveCfg = Debug|Any CPU
		{121EB3E8-6301-400B-A0EF-814852BE83A4}.Debug|Any CPU.Build.0 = Debug|Any CPU
		{121EB3E8-6301-400B-A0EF-814852BE83A4}.Release|Any CPU.ActiveCfg = Release|Any CPU
		{121EB3E8-6301-400B-A0EF-814852BE83A4}.Release|Any CPU.Build.0 = Release|Any CPU
		{A0E71320-1818-4899-9593-BC90DF04674A}.Debug|Any CPU.ActiveCfg = Debug|Any CPU
		{A0E71320-1818-4899-9593-BC90DF04674A}.Debug|Any CPU.Build.0 = Debug|Any CPU
		{A0E71320-1818-4899-9593-BC90DF04674A}.Release|Any CPU.ActiveCfg = Release|Any CPU
		{A0E71320-1818-4899-9593-BC90DF04674A}.Release|Any CPU.Build.0 = Release|Any CPU
		{03B82240-58F4-48F0-B4D1-3E8009980962}.Debug|Any CPU.ActiveCfg = Debug|Any CPU
		{03B82240-58F4-48F0-B4D1-3E8009980962}.Debug|Any CPU.Build.0 = Debug|Any CPU
		{03B82240-58F4-48F0-B4D1-3E8009980962}.Release|Any CPU.ActiveCfg = Release|Any CPU
		{03B82240-58F4-48F0-B4D1-3E8009980962}.Release|Any CPU.Build.0 = Release|Any CPU
		{3E05C582-286D-4558-A72B-DAD6737A9D6B}.Debug|Any CPU.ActiveCfg = Debug|Any CPU
		{3E05C582-286D-4558-A72B-DAD6737A9D6B}.Debug|Any CPU.Build.0 = Debug|Any CPU
		{3E05C582-286D-4558-A72B-DAD6737A9D6B}.Release|Any CPU.ActiveCfg = Release|Any CPU
		{3E05C582-286D-4558-A72B-DAD6737A9D6B}.Release|Any CPU.Build.0 = Release|Any CPU
		{F0C84792-54AF-4666-9BF6-3A7F0A0A198F}.Debug|Any CPU.ActiveCfg = Debug|Any CPU
		{F0C84792-54AF-4666-9BF6-3A7F0A0A198F}.Debug|Any CPU.Build.0 = Debug|Any CPU
		{F0C84792-54AF-4666-9BF6-3A7F0A0A198F}.Release|Any CPU.ActiveCfg = Release|Any CPU
		{F0C84792-54AF-4666-9BF6-3A7F0A0A198F}.Release|Any CPU.Build.0 = Release|Any CPU
		{BA81757C-AFE0-45EE-AD6D-1E5EE143B294}.Debug|Any CPU.ActiveCfg = Debug|Any CPU
		{BA81757C-AFE0-45EE-AD6D-1E5EE143B294}.Debug|Any CPU.Build.0 = Debug|Any CPU
		{BA81757C-AFE0-45EE-AD6D-1E5EE143B294}.Release|Any CPU.ActiveCfg = Release|Any CPU
		{BA81757C-AFE0-45EE-AD6D-1E5EE143B294}.Release|Any CPU.Build.0 = Release|Any CPU
		{D6A18B78-AE63-46D9-8F46-1A27B76593CA}.Debug|Any CPU.ActiveCfg = Debug|Any CPU
		{D6A18B78-AE63-46D9-8F46-1A27B76593CA}.Debug|Any CPU.Build.0 = Debug|Any CPU
		{D6A18B78-AE63-46D9-8F46-1A27B76593CA}.Release|Any CPU.ActiveCfg = Release|Any CPU
		{D6A18B78-AE63-46D9-8F46-1A27B76593CA}.Release|Any CPU.Build.0 = Release|Any CPU
		{58A227C4-D1FF-4A03-A76F-D6F93E1D557C}.Debug|Any CPU.ActiveCfg = Debug|Any CPU
		{58A227C4-D1FF-4A03-A76F-D6F93E1D557C}.Debug|Any CPU.Build.0 = Debug|Any CPU
		{58A227C4-D1FF-4A03-A76F-D6F93E1D557C}.Release|Any CPU.ActiveCfg = Release|Any CPU
		{58A227C4-D1FF-4A03-A76F-D6F93E1D557C}.Release|Any CPU.Build.0 = Release|Any CPU
	EndGlobalSection
	GlobalSection(SolutionProperties) = preSolution
		HideSolutionNode = FALSE
	EndGlobalSection
	GlobalSection(NestedProjects) = preSolution
		{8A1B33B9-968C-4C5B-A2FC-994650DC8E62} = {B7444B7D-F0BE-47FA-BF63-AAA439E6BC46}
		{D1246117-7A3D-4DC6-A1BA-167259C65A6F} = {B7444B7D-F0BE-47FA-BF63-AAA439E6BC46}
		{DABDA83C-0F3F-4CE4-87D7-E54A70B69563} = {B7444B7D-F0BE-47FA-BF63-AAA439E6BC46}
		{690538F0-1970-491A-8491-CB7373D000AF} = {81003D5C-85CF-4120-B10A-B0517E23270F}
		{5F04C4CE-1200-4582-BEB5-CA4D7E4511C1} = {81003D5C-85CF-4120-B10A-B0517E23270F}
		{32AA5BEE-EEBC-46B0-9FA6-80BC1A5AFA0A} = {81003D5C-85CF-4120-B10A-B0517E23270F}
		{EF1CCB0D-3FB3-4E88-8DB6-270AC38CAF80} = {0965F555-5A40-41D7-B589-73909D8443D1}
		{021448CB-6D89-4FC6-B888-1F2DE1847176} = {0965F555-5A40-41D7-B589-73909D8443D1}
		{512BDEF1-45DB-45E0-9078-AF8BE925BF4F} = {0965F555-5A40-41D7-B589-73909D8443D1}
		{A78F63B1-5605-4225-B90F-7163E5AEA55D} = {9C9DA1CC-09F3-47D2-BDBA-720582FE4B88}
		{723E0872-CC79-434C-97A9-5C2B62DFD1AB} = {9C9DA1CC-09F3-47D2-BDBA-720582FE4B88}
		{C7199BB5-BD59-42E1-81FF-F57D4EE63D7E} = {9C9DA1CC-09F3-47D2-BDBA-720582FE4B88}
		{8A41078D-C647-4D7C-A2F5-98C7CB3B8901} = {F6318FDB-D332-4529-9DE6-0B19ADF1796D}
		{2B8DC604-18B8-456B-AF47-A27FD4A1B3C2} = {F6318FDB-D332-4529-9DE6-0B19ADF1796D}
		{98D542D7-7A94-4058-9516-3301CBA209AC} = {F6318FDB-D332-4529-9DE6-0B19ADF1796D}
		{0C43949F-C12E-45DB-ADC6-4705DB1C67F1} = {4BB15219-3341-4E8E-9360-584EF16FC4BB}
		{121EB3E8-6301-400B-A0EF-814852BE83A4} = {4BB15219-3341-4E8E-9360-584EF16FC4BB}
		{A0E71320-1818-4899-9593-BC90DF04674A} = {4BB15219-3341-4E8E-9360-584EF16FC4BB}
		{03B82240-58F4-48F0-B4D1-3E8009980962} = {ECCED501-392D-4273-A22E-6206B25F4145}
		{3E05C582-286D-4558-A72B-DAD6737A9D6B} = {ECCED501-392D-4273-A22E-6206B25F4145}
		{F0C84792-54AF-4666-9BF6-3A7F0A0A198F} = {ECCED501-392D-4273-A22E-6206B25F4145}
		{BA81757C-AFE0-45EE-AD6D-1E5EE143B294} = {74195DCF-0EFE-46A5-B857-CE04ED6601A0}
		{D6A18B78-AE63-46D9-8F46-1A27B76593CA} = {74195DCF-0EFE-46A5-B857-CE04ED6601A0}
		{58A227C4-D1FF-4A03-A76F-D6F93E1D557C} = {74195DCF-0EFE-46A5-B857-CE04ED6601A0}
	EndGlobalSection
	GlobalSection(ExtensibilityGlobals) = postSolution
		SolutionGuid = {077EB0A4-70B1-4EDC-AA99-111898A5F1AF}
	EndGlobalSection
EndGlobal
